
Microsoft Visual Studio Solution File, Format Version 12.00
# Visual Studio Version 17
VisualStudioVersion = 17.14.36203.30 d17.14
MinimumVisualStudioVersion = 10.0.40219.1
Project("{FAE04EC0-301F-11D3-BF4B-00C04F79EFBC}") = "Demo", "Demo\Demo.csproj", "{6A4291C8-E297-4B7A-A402-39EF0210D941}"
EndProject
Global
	GlobalSection(SolutionConfigurationPlatforms) = preSolution
		Debug|Any CPU = Debug|Any CPU
		Release|Any CPU = Release|Any CPU
	EndGlobalSection
	GlobalSection(ProjectConfigurationPlatforms) = postSolution
		{6A4291C8-E297-4B7A-A402-39EF0210D941}.Debug|Any CPU.ActiveCfg = Debug|Any CPU
		{6A4291C8-E297-4B7A-A402-39EF0210D941}.Debug|Any CPU.Build.0 = Debug|Any CPU
		{6A4291C8-E297-4B7A-A402-39EF0210D941}.Release|Any CPU.ActiveCfg = Release|Any CPU
		{6A4291C8-E297-4B7A-A402-39EF0210D941}.Release|Any CPU.Build.0 = Release|Any CPU
	EndGlobalSection
	GlobalSection(SolutionProperties) = preSolution
		HideSolutionNode = FALSE
	EndGlobalSection
	GlobalSection(ExtensibilityGlobals) = postSolution
		SolutionGuid = {1A0FF941-8742-4172-968B-4C1AC48680E3}
	EndGlobalSection
EndGlobal
